
Microsoft Visual Studio Solution File, Format Version 12.00
# Visual Studio Version 17
VisualStudioVersion = 17.14.36623.8 d17.14
MinimumVisualStudioVersion = 10.0.40219.1
Project("{FAE04EC0-301F-11D3-BF4B-00C04F79EFBC}") = "CustomerMangApp.API", "CustomerMangApp.API\CustomerMangApp.API.csproj", "{C31FB95A-637D-4119-A34D-EFB049D35CA1}"
EndProject
Project("{E24C65DC-7377-472B-9ABA-BC803B73C61A}") = "CustomerMangApp.UI", "CustomerMangApp.UI\", "{551D86B1-2E00-11DF-AE74-AD40C7054738}"
	ProjectSection(WebsiteProperties) = preProject
		TargetFrameworkMoniker = ".NETFramework,Version%3Dv4.8"
		Debug.AspNetCompiler.VirtualPath = "/localhost_2528"
		Debug.AspNetCompiler.PhysicalPath = "CustomerMangApp.UI\"
		Debug.AspNetCompiler.TargetPath = "PrecompiledWeb\localhost_2528\"
		Debug.AspNetCompiler.Updateable = "true"
		Debug.AspNetCompiler.ForceOverwrite = "true"
		Debug.AspNetCompiler.FixedNames = "false"
		Debug.AspNetCompiler.Debug = "True"
		Release.AspNetCompiler.VirtualPath = "/localhost_2528"
		Release.AspNetCompiler.PhysicalPath = "CustomerMangApp.UI\"
		Release.AspNetCompiler.TargetPath = "PrecompiledWeb\localhost_2528\"
		Release.AspNetCompiler.Updateable = "true"
		Release.AspNetCompiler.ForceOverwrite = "true"
		Release.AspNetCompiler.FixedNames = "false"
		Release.AspNetCompiler.Debug = "False"
		VWDPort = "2528"
		SlnRelativePath = "CustomerMangApp.UI\"
	EndProjectSection
EndProject
Global
	GlobalSection(SolutionConfigurationPlatforms) = preSolution
		Debug|Any CPU = Debug|Any CPU
		Release|Any CPU = Release|Any CPU
	EndGlobalSection
	GlobalSection(ProjectConfigurationPlatforms) = postSolution
		{C31FB95A-637D-4119-A34D-EFB049D35CA1}.Debug|Any CPU.ActiveCfg = Debug|Any CPU
		{C31FB95A-637D-4119-A34D-EFB049D35CA1}.Debug|Any CPU.Build.0 = Debug|Any CPU
		{C31FB95A-637D-4119-A34D-EFB049D35CA1}.Release|Any CPU.ActiveCfg = Release|Any CPU
		{C31FB95A-637D-4119-A34D-EFB049D35CA1}.Release|Any CPU.Build.0 = Release|Any CPU
		{551D86B1-2E00-11DF-AE74-AD40C7054738}.Debug|Any CPU.ActiveCfg = Debug|Any CPU
		{551D86B1-2E00-11DF-AE74-AD40C7054738}.Debug|Any CPU.Build.0 = Debug|Any CPU
		{551D86B1-2E00-11DF-AE74-AD40C7054738}.Release|Any CPU.ActiveCfg = Debug|Any CPU
		{551D86B1-2E00-11DF-AE74-AD40C7054738}.Release|Any CPU.Build.0 = Debug|Any CPU
	EndGlobalSection
	GlobalSection(SolutionProperties) = preSolution
		HideSolutionNode = FALSE
	EndGlobalSection
	GlobalSection(ExtensibilityGlobals) = postSolution
		SolutionGuid = {B61A8EED-51B0-4B78-B9C7-8B6D749020CD}
	EndGlobalSection
EndGlobal
